
Microsoft Visual Studio Solution File, Format Version 12.00
# Visual Studio Version 17
VisualStudioVersion = 17.2.32630.192
MinimumVisualStudioVersion = 10.0.40219.1
Project("{9A19103F-16F7-4668-BE54-9A1E7A4F7556}") = "Project01_Server.API", "Project01_Server.API\Project01_Server.API.csproj", "{F443DCC1-17FB-4258-984B-859FA52C2828}"
EndProject
Project("{9A19103F-16F7-4668-BE54-9A1E7A4F7556}") = "Project01_Server.Data", "Project01_Server.Data\Project01_Server.Data.csproj", "{6C185B78-638E-49B6-B867-47C67E79A732}"
EndProject
Project("{FAE04EC0-301F-11D3-BF4B-00C04F79EFBC}") = "Project01_Server.Model", "Project01_Server.Model\Project01_Server.Model.csproj", "{DD2EB686-073B-4D62-AFAB-CB3AF38807D1}"
EndProject
Global
	GlobalSection(SolutionConfigurationPlatforms) = preSolution
		Debug|Any CPU = Debug|Any CPU
		Release|Any CPU = Release|Any CPU
	EndGlobalSection
	GlobalSection(ProjectConfigurationPlatforms) = postSolution
		{F443DCC1-17FB-4258-984B-859FA52C2828}.Debug|Any CPU.ActiveCfg = Debug|Any CPU
		{F443DCC1-17FB-4258-984B-859FA52C2828}.Debug|Any CPU.Build.0 = Debug|Any CPU
		{F443DCC1-17FB-4258-984B-859FA52C2828}.Release|Any CPU.ActiveCfg = Release|Any CPU
		{F443DCC1-17FB-4258-984B-859FA52C2828}.Release|Any CPU.Build.0 = Release|Any CPU
		{6C185B78-638E-49B6-B867-47C67E79A732}.Debug|Any CPU.ActiveCfg = Debug|Any CPU
		{6C185B78-638E-49B6-B867-47C67E79A732}.Debug|Any CPU.Build.0 = Debug|Any CPU
		{6C185B78-638E-49B6-B867-47C67E79A732}.Release|Any CPU.ActiveCfg = Release|Any CPU
		{6C185B78-638E-49B6-B867-47C67E79A732}.Release|Any CPU.Build.0 = Release|Any CPU
		{DD2EB686-073B-4D62-AFAB-CB3AF38807D1}.Debug|Any CPU.ActiveCfg = Debug|Any CPU
		{DD2EB686-073B-4D62-AFAB-CB3AF38807D1}.Debug|Any CPU.Build.0 = Debug|Any CPU
		{DD2EB686-073B-4D62-AFAB-CB3AF38807D1}.Release|Any CPU.ActiveCfg = Release|Any CPU
		{DD2EB686-073B-4D62-AFAB-CB3AF38807D1}.Release|Any CPU.Build.0 = Release|Any CPU
	EndGlobalSection
	GlobalSection(SolutionProperties) = preSolution
		HideSolutionNode = FALSE
	EndGlobalSection
	GlobalSection(ExtensibilityGlobals) = postSolution
		SolutionGuid = {AB89D9D6-1004-4B08-ADEE-6EF62F753F35}
	EndGlobalSection
EndGlobal
